
Microsoft Visual Studio Solution File, Format Version 12.00
# Visual Studio Version 17
VisualStudioVersion = 17.11.35222.181
MinimumVisualStudioVersion = 10.0.40219.1
Project("{FAE04EC0-301F-11D3-BF4B-00C04F79EFBC}") = "ConsoleApp1", "ConsoleApp1\ConsoleApp1.csproj", "{61159A36-B7F0-407C-863A-7E1C0CF74913}"
EndProject
Project("{9A19103F-16F7-4668-BE54-9A1E7A4F7556}") = "ConsoleApp2", "ConsoleApp2\ConsoleApp2.csproj", "{D80431C2-8EE5-4BB6-82CC-09847F0A96C8}"
EndProject
Project("{9A19103F-16F7-4668-BE54-9A1E7A4F7556}") = "ConsoleApp3", "ConsoleApp3\ConsoleApp3.csproj", "{2C6F5FD9-3B5F-4785-8948-F09B0C9F74E7}"
EndProject
Project("{9A19103F-16F7-4668-BE54-9A1E7A4F7556}") = "ConsoleApp4", "ConsoleApp4\ConsoleApp4.csproj", "{86C62D86-FF56-497A-AD17-CEC3E6271714}"
EndProject
Project("{9A19103F-16F7-4668-BE54-9A1E7A4F7556}") = "ConsoleApp5", "ConsoleApp5\ConsoleApp5.csproj", "{0A52B47E-128E-4DD8-8871-44A5A74F004F}"
EndProject
Project("{FAE04EC0-301F-11D3-BF4B-00C04F79EFBC}") = "ConsoleApp6", "ConsoleApp6\ConsoleApp6.csproj", "{84EEEEAC-6ACE-4D11-9AA4-C0D7E6452FA2}"
EndProject
Global
	GlobalSection(SolutionConfigurationPlatforms) = preSolution
		Debug|Any CPU = Debug|Any CPU
		Release|Any CPU = Release|Any CPU
	EndGlobalSection
	GlobalSection(ProjectConfigurationPlatforms) = postSolution
		{61159A36-B7F0-407C-863A-7E1C0CF74913}.Debug|Any CPU.ActiveCfg = Debug|Any CPU
		{61159A36-B7F0-407C-863A-7E1C0CF74913}.Debug|Any CPU.Build.0 = Debug|Any CPU
		{61159A36-B7F0-407C-863A-7E1C0CF74913}.Release|Any CPU.ActiveCfg = Release|Any CPU
		{61159A36-B7F0-407C-863A-7E1C0CF74913}.Release|Any CPU.Build.0 = Release|Any CPU
		{D80431C2-8EE5-4BB6-82CC-09847F0A96C8}.Debug|Any CPU.ActiveCfg = Debug|Any CPU
		{D80431C2-8EE5-4BB6-82CC-09847F0A96C8}.Debug|Any CPU.Build.0 = Debug|Any CPU
		{D80431C2-8EE5-4BB6-82CC-09847F0A96C8}.Release|Any CPU.ActiveCfg = Release|Any CPU
		{D80431C2-8EE5-4BB6-82CC-09847F0A96C8}.Release|Any CPU.Build.0 = Release|Any CPU
		{2C6F5FD9-3B5F-4785-8948-F09B0C9F74E7}.Debug|Any CPU.ActiveCfg = Debug|Any CPU
		{2C6F5FD9-3B5F-4785-8948-F09B0C9F74E7}.Debug|Any CPU.Build.0 = Debug|Any CPU
		{2C6F5FD9-3B5F-4785-8948-F09B0C9F74E7}.Release|Any CPU.ActiveCfg = Release|Any CPU
		{2C6F5FD9-3B5F-4785-8948-F09B0C9F74E7}.Release|Any CPU.Build.0 = Release|Any CPU
		{86C62D86-FF56-497A-AD17-CEC3E6271714}.Debug|Any CPU.ActiveCfg = Debug|Any CPU
		{86C62D86-FF56-497A-AD17-CEC3E6271714}.Debug|Any CPU.Build.0 = Debug|Any CPU
		{86C62D86-FF56-497A-AD17-CEC3E6271714}.Release|Any CPU.ActiveCfg = Release|Any CPU
		{86C62D86-FF56-497A-AD17-CEC3E6271714}.Release|Any CPU.Build.0 = Release|Any CPU
		{0A52B47E-128E-4DD8-8871-44A5A74F004F}.Debug|Any CPU.ActiveCfg = Debug|Any CPU
		{0A52B47E-128E-4DD8-8871-44A5A74F004F}.Debug|Any CPU.Build.0 = Debug|Any CPU
		{0A52B47E-128E-4DD8-8871-44A5A74F004F}.Release|Any CPU.ActiveCfg = Release|Any CPU
		{0A52B47E-128E-4DD8-8871-44A5A74F004F}.Release|Any CPU.Build.0 = Release|Any CPU
		{84EEEEAC-6ACE-4D11-9AA4-C0D7E6452FA2}.Debug|Any CPU.ActiveCfg = Debug|Any CPU
		{84EEEEAC-6ACE-4D11-9AA4-C0D7E6452FA2}.Debug|Any CPU.Build.0 = Debug|Any CPU
		{84EEEEAC-6ACE-4D11-9AA4-C0D7E6452FA2}.Release|Any CPU.ActiveCfg = Release|Any CPU
		{84EEEEAC-6ACE-4D11-9AA4-C0D7E6452FA2}.Release|Any CPU.Build.0 = Release|Any CPU
	EndGlobalSection
	GlobalSection(SolutionProperties) = preSolution
		HideSolutionNode = FALSE
	EndGlobalSection
	GlobalSection(ExtensibilityGlobals) = postSolution
		SolutionGuid = {23D992BB-28AE-4D70-A6A0-6CE201D142FF}
	EndGlobalSection
EndGlobal
